// !$*UTF8*$!
{
	archiveVersion = 1;
	classes = {
	};
	objectVersion = 46;
	objects = {

/* Begin PBXBuildFile section */
		2B3302531DAF33C3005FD95B /* TYGifAnimatorView.m in Sources */ = {isa = PBXBuildFile; fileRef = 2B3302521DAF33C3005FD95B /* TYGifAnimatorView.m */; };
		2B379B051DAB71FE00F5E4EF /* TYRefreshView.m in Sources */ = {isa = PBXBuildFile; fileRef = 2B379B041DAB71FE00F5E4EF /* TYRefreshView.m */; };
		2B3974291DB0C25900938B26 /* TYRefresh.bundle in Resources */ = {isa = PBXBuildFile; fileRef = 2B3974281DB0C25900938B26 /* TYRefresh.bundle */; };
		2B3974321DB0C3F700938B26 /* TYHeaderRefresh.m in Sources */ = {isa = PBXBuildFile; fileRef = 2B3974311DB0C3F700938B26 /* TYHeaderRefresh.m */; };
		2B3974351DB0C40B00938B26 /* TYFooterRefresh.m in Sources */ = {isa = PBXBuildFile; fileRef = 2B3974341DB0C40B00938B26 /* TYFooterRefresh.m */; };
		2B3B597E1DBF0642006F2BF5 /* TYAutoAnimatorView.m in Sources */ = {isa = PBXBuildFile; fileRef = 2B3B597D1DBF0642006F2BF5 /* TYAutoAnimatorView.m */; };
		2B3FA1D11DAB88410019EF83 /* UIScrollView+TYRefresh.m in Sources */ = {isa = PBXBuildFile; fileRef = 2B3FA1D01DAB88410019EF83 /* UIScrollView+TYRefresh.m */; };
		2B566D011DB62DC600DA1D1E /* TYFooterAutoRefresh.m in Sources */ = {isa = PBXBuildFile; fileRef = 2B566D001DB62DC600DA1D1E /* TYFooterAutoRefresh.m */; };
		2B58E72E1DADE04200393C3B /* TYAnimatorView.m in Sources */ = {isa = PBXBuildFile; fileRef = 2B58E72D1DADE04200393C3B /* TYAnimatorView.m */; };
		2B73E3731DA8DA8A00F05D68 /* main.m in Sources */ = {isa = PBXBuildFile; fileRef = 2B73E3721DA8DA8A00F05D68 /* main.m */; };
		2B73E3761DA8DA8A00F05D68 /* AppDelegate.m in Sources */ = {isa = PBXBuildFile; fileRef = 2B73E3751DA8DA8A00F05D68 /* AppDelegate.m */; };
		2B73E3791DA8DA8A00F05D68 /* ViewController.m in Sources */ = {isa = PBXBuildFile; fileRef = 2B73E3781DA8DA8A00F05D68 /* ViewController.m */; };
		2B73E37C1DA8DA8A00F05D68 /* Main.storyboard in Resources */ = {isa = PBXBuildFile; fileRef = 2B73E37A1DA8DA8A00F05D68 /* Main.storyboard */; };
		2B73E37E1DA8DA8A00F05D68 /* Assets.xcassets in Resources */ = {isa = PBXBuildFile; fileRef = 2B73E37D1DA8DA8A00F05D68 /* Assets.xcassets */; };
		2B73E3811DA8DA8A00F05D68 /* LaunchScreen.storyboard in Resources */ = {isa = PBXBuildFile; fileRef = 2B73E37F1DA8DA8A00F05D68 /* LaunchScreen.storyboard */; };
		2B73E38C1DA8DA8A00F05D68 /* TYRefreshDemoTests.m in Sources */ = {isa = PBXBuildFile; fileRef = 2B73E38B1DA8DA8A00F05D68 /* TYRefreshDemoTests.m */; };
		2BEF03181DAE3EE900D8A75D /* TestViewController.m in Sources */ = {isa = PBXBuildFile; fileRef = 2BEF03171DAE3EE900D8A75D /* TestViewController.m */; };
/* End PBXBuildFile section */

/* Begin PBXContainerItemProxy section */
		2B73E3881DA8DA8A00F05D68 /* PBXContainerItemProxy */ = {
			isa = PBXContainerItemProxy;
			containerPortal = 2B73E3661DA8DA8A00F05D68 /* Project object */;
			proxyType = 1;
			remoteGlobalIDString = 2B73E36D1DA8DA8A00F05D68;
			remoteInfo = TYRefreshDemo;
		};
/* End PBXContainerItemProxy section */

/* Begin PBXFileReference section */
		2B3302511DAF33C3005FD95B /* TYGifAnimatorView.h */ = {isa = PBXFileReference; fileEncoding = 4; lastKnownFileType = sourcecode.c.h; path = TYGifAnimatorView.h; sourceTree = "<group>"; };
		2B3302521DAF33C3005FD95B /* TYGifAnimatorView.m */ = {isa = PBXFileReference; fileEncoding = 4; lastKnownFileType = sourcecode.c.objc; path = TYGifAnimatorView.m; sourceTree = "<group>"; };
		2B379B031DAB71FE00F5E4EF /* TYRefreshView.h */ = {isa = PBXFileReference; fileEncoding = 4; lastKnownFileType = sourcecode.c.h; path = TYRefreshView.h; sourceTree = "<group>"; };
		2B379B041DAB71FE00F5E4EF /* TYRefreshView.m */ = {isa = PBXFileReference; fileEncoding = 4; lastKnownFileType = sourcecode.c.objc; path = TYRefreshView.m; sourceTree = "<group>"; };
		2B3974281DB0C25900938B26 /* TYRefresh.bundle */ = {isa = PBXFileReference; lastKnownFileType = "wrapper.plug-in"; path = TYRefresh.bundle; sourceTree = "<group>"; };
		2B3974301DB0C3F700938B26 /* TYHeaderRefresh.h */ = {isa = PBXFileReference; fileEncoding = 4; lastKnownFileType = sourcecode.c.h; path = TYHeaderRefresh.h; sourceTree = "<group>"; };
		2B3974311DB0C3F700938B26 /* TYHeaderRefresh.m */ = {isa = PBXFileReference; fileEncoding = 4; lastKnownFileType = sourcecode.c.objc; path = TYHeaderRefresh.m; sourceTree = "<group>"; };
		2B3974331DB0C40B00938B26 /* TYFooterRefresh.h */ = {isa = PBXFileReference; fileEncoding = 4; lastKnownFileType = sourcecode.c.h; path = TYFooterRefresh.h; sourceTree = "<group>"; };
		2B3974341DB0C40B00938B26 /* TYFooterRefresh.m */ = {isa = PBXFileReference; fileEncoding = 4; lastKnownFileType = sourcecode.c.objc; path = TYFooterRefresh.m; sourceTree = "<group>"; };
		2B3B597C1DBF0642006F2BF5 /* TYAutoAnimatorView.h */ = {isa = PBXFileReference; fileEncoding = 4; lastKnownFileType = sourcecode.c.h; path = TYAutoAnimatorView.h; sourceTree = "<group>"; };
		2B3B597D1DBF0642006F2BF5 /* TYAutoAnimatorView.m */ = {isa = PBXFileReference; fileEncoding = 4; lastKnownFileType = sourcecode.c.objc; path = TYAutoAnimatorView.m; sourceTree = "<group>"; };
		2B3FA1CF1DAB88410019EF83 /* UIScrollView+TYRefresh.h */ = {isa = PBXFileReference; fileEncoding = 4; lastKnownFileType = sourcecode.c.h; path = "UIScrollView+TYRefresh.h"; sourceTree = "<group>"; };
		2B3FA1D01DAB88410019EF83 /* UIScrollView+TYRefresh.m */ = {isa = PBXFileReference; fileEncoding = 4; lastKnownFileType = sourcecode.c.objc; path = "UIScrollView+TYRefresh.m"; sourceTree = "<group>"; };
		2B4074761DC8521B0068E528 /* TYRefresh.h */ = {isa = PBXFileReference; fileEncoding = 4; lastKnownFileType = sourcecode.c.h; path = TYRefresh.h; sourceTree = "<group>"; };
		2B566CFC1DB61EAF00DA1D1E /* TYRefreshView+Private.h */ = {isa = PBXFileReference; fileEncoding = 4; lastKnownFileType = sourcecode.c.h; path = "TYRefreshView+Private.h"; sourceTree = "<group>"; };
		2B566CFF1DB62DC600DA1D1E /* TYFooterAutoRefresh.h */ = {isa = PBXFileReference; fileEncoding = 4; lastKnownFileType = sourcecode.c.h; path = TYFooterAutoRefresh.h; sourceTree = "<group>"; };
		2B566D001DB62DC600DA1D1E /* TYFooterAutoRefresh.m */ = {isa = PBXFileReference; fileEncoding = 4; lastKnownFileType = sourcecode.c.objc; path = TYFooterAutoRefresh.m; sourceTree = "<group>"; };
		2B58E72C1DADE04200393C3B /* TYAnimatorView.h */ = {isa = PBXFileReference; fileEncoding = 4; lastKnownFileType = sourcecode.c.h; path = TYAnimatorView.h; sourceTree = "<group>"; };
		2B58E72D1DADE04200393C3B /* TYAnimatorView.m */ = {isa = PBXFileReference; fileEncoding = 4; lastKnownFileType = sourcecode.c.objc; path = TYAnimatorView.m; sourceTree = "<group>"; };
		2B73E36E1DA8DA8A00F05D68 /* TYRefreshDemo.app */ = {isa = PBXFileReference; explicitFileType = wrapper.application; includeInIndex = 0; path = TYRefreshDemo.app; sourceTree = BUILT_PRODUCTS_DIR; };
		2B73E3721DA8DA8A00F05D68 /* main.m */ = {isa = PBXFileReference; lastKnownFileType = sourcecode.c.objc; path = main.m; sourceTree = "<group>"; };
		2B73E3741DA8DA8A00F05D68 /* AppDelegate.h */ = {isa = PBXFileReference; lastKnownFileType = sourcecode.c.h; path = AppDelegate.h; sourceTree = "<group>"; };
		2B73E3751DA8DA8A00F05D68 /* AppDelegate.m */ = {isa = PBXFileReference; lastKnownFileType = sourcecode.c.objc; path = AppDelegate.m; sourceTree = "<group>"; };
		2B73E3771DA8DA8A00F05D68 /* ViewController.h */ = {isa = PBXFileReference; lastKnownFileType = sourcecode.c.h; path = ViewController.h; sourceTree = "<group>"; };
		2B73E3781DA8DA8A00F05D68 /* ViewController.m */ = {isa = PBXFileReference; lastKnownFileType = sourcecode.c.objc; path = ViewController.m; sourceTree = "<group>"; };
		2B73E37B1DA8DA8A00F05D68 /* Base */ = {isa = PBXFileReference; lastKnownFileType = file.storyboard; name = Base; path = Base.lproj/Main.storyboard; sourceTree = "<group>"; };
		2B73E37D1DA8DA8A00F05D68 /* Assets.xcassets */ = {isa = PBXFileReference; lastKnownFileType = folder.assetcatalog; path = Assets.xcassets; sourceTree = "<group>"; };
		2B73E3801DA8DA8A00F05D68 /* Base */ = {isa = PBXFileReference; lastKnownFileType = file.storyboard; name = Base; path = Base.lproj/LaunchScreen.storyboard; sourceTree = "<group>"; };
		2B73E3821DA8DA8A00F05D68 /* Info.plist */ = {isa = PBXFileReference; lastKnownFileType = text.plist.xml; path = Info.plist; sourceTree = "<group>"; };
		2B73E3871DA8DA8A00F05D68 /* TYRefreshDemoTests.xctest */ = {isa = PBXFileReference; explicitFileType = wrapper.cfbundle; includeInIndex = 0; path = TYRefreshDemoTests.xctest; sourceTree = BUILT_PRODUCTS_DIR; };
		2B73E38B1DA8DA8A00F05D68 /* TYRefreshDemoTests.m */ = {isa = PBXFileReference; lastKnownFileType = sourcecode.c.objc; path = TYRefreshDemoTests.m; sourceTree = "<group>"; };
		2B73E38D1DA8DA8A00F05D68 /* Info.plist */ = {isa = PBXFileReference; lastKnownFileType = text.plist.xml; path = Info.plist; sourceTree = "<group>"; };
		2BEF03161DAE3EE900D8A75D /* TestViewController.h */ = {isa = PBXFileReference; fileEncoding = 4; lastKnownFileType = sourcecode.c.h; path = TestViewController.h; sourceTree = "<group>"; };
		2BEF03171DAE3EE900D8A75D /* TestViewController.m */ = {isa = PBXFileReference; fileEncoding = 4; lastKnownFileType = sourcecode.c.objc; path = TestViewController.m; sourceTree = "<group>"; };
/* End PBXFileReference section */

/* Begin PBXFrameworksBuildPhase section */
		2B73E36B1DA8DA8A00F05D68 /* Frameworks */ = {
			isa = PBXFrameworksBuildPhase;
			buildActionMask = 2147483647;
			files = (
			);
			runOnlyForDeploymentPostprocessing = 0;
		};
		2B73E3841DA8DA8A00F05D68 /* Frameworks */ = {
			isa = PBXFrameworksBuildPhase;
			buildActionMask = 2147483647;
			files = (
			);
			runOnlyForDeploymentPostprocessing = 0;
		};
/* End PBXFrameworksBuildPhase section */

/* Begin PBXGroup section */
		2B73E3651DA8DA8A00F05D68 = {
			isa = PBXGroup;
			children = (
				2B73E3701DA8DA8A00F05D68 /* TYRefreshDemo */,
				2B73E38A1DA8DA8A00F05D68 /* TYRefreshDemoTests */,
				2B73E36F1DA8DA8A00F05D68 /* Products */,
			);
			sourceTree = "<group>";
		};
		2B73E36F1DA8DA8A00F05D68 /* Products */ = {
			isa = PBXGroup;
			children = (
				2B73E36E1DA8DA8A00F05D68 /* TYRefreshDemo.app */,
				2B73E3871DA8DA8A00F05D68 /* TYRefreshDemoTests.xctest */,
			);
			name = Products;
			sourceTree = "<group>";
		};
		2B73E3701DA8DA8A00F05D68 /* TYRefreshDemo */ = {
			isa = PBXGroup;
			children = (
				2B73E3961DA8DAB000F05D68 /* TYRefresh */,
				2B73E3741DA8DA8A00F05D68 /* AppDelegate.h */,
				2B73E3751DA8DA8A00F05D68 /* AppDelegate.m */,
				2B73E3771DA8DA8A00F05D68 /* ViewController.h */,
				2B73E3781DA8DA8A00F05D68 /* ViewController.m */,
				2BEF03161DAE3EE900D8A75D /* TestViewController.h */,
				2BEF03171DAE3EE900D8A75D /* TestViewController.m */,
				2B73E37A1DA8DA8A00F05D68 /* Main.storyboard */,
				2B73E37D1DA8DA8A00F05D68 /* Assets.xcassets */,
				2B73E37F1DA8DA8A00F05D68 /* LaunchScreen.storyboard */,
				2B73E3821DA8DA8A00F05D68 /* Info.plist */,
				2B73E3711DA8DA8A00F05D68 /* Supporting Files */,
			);
			path = TYRefreshDemo;
			sourceTree = "<group>";
		};
		2B73E3711DA8DA8A00F05D68 /* Supporting Files */ = {
			isa = PBXGroup;
			children = (
				2B73E3721DA8DA8A00F05D68 /* main.m */,
			);
			name = "Supporting Files";
			sourceTree = "<group>";
		};
		2B73E38A1DA8DA8A00F05D68 /* TYRefreshDemoTests */ = {
			isa = PBXGroup;
			children = (
				2B73E38B1DA8DA8A00F05D68 /* TYRefreshDemoTests.m */,
				2B73E38D1DA8DA8A00F05D68 /* Info.plist */,
			);
			path = TYRefreshDemoTests;
			sourceTree = "<group>";
		};
		2B73E3961DA8DAB000F05D68 /* TYRefresh */ = {
			isa = PBXGroup;
			children = (
				2B4074761DC8521B0068E528 /* TYRefresh.h */,
				2B3FA1CF1DAB88410019EF83 /* UIScrollView+TYRefresh.h */,
				2B3FA1D01DAB88410019EF83 /* UIScrollView+TYRefresh.m */,
				B00F1E161DC23F7500007786 /* Refresh */,
				B087C5961DC2217F00F1D16E /* Animator */,
				2B3974281DB0C25900938B26 /* TYRefresh.bundle */,
			);
			path = TYRefresh;
			sourceTree = "<group>";
		};
		B00F1E161DC23F7500007786 /* Refresh */ = {
			isa = PBXGroup;
			children = (
				2B379B031DAB71FE00F5E4EF /* TYRefreshView.h */,
				2B379B041DAB71FE00F5E4EF /* TYRefreshView.m */,
				2B566CFC1DB61EAF00DA1D1E /* TYRefreshView+Private.h */,
				2B3974301DB0C3F700938B26 /* TYHeaderRefresh.h */,
				2B3974311DB0C3F700938B26 /* TYHeaderRefresh.m */,
				2B3974331DB0C40B00938B26 /* TYFooterRefresh.h */,
				2B3974341DB0C40B00938B26 /* TYFooterRefresh.m */,
				2B566CFF1DB62DC600DA1D1E /* TYFooterAutoRefresh.h */,
				2B566D001DB62DC600DA1D1E /* TYFooterAutoRefresh.m */,
			);
			name = Refresh;
			sourceTree = "<group>";
		};
		B087C5961DC2217F00F1D16E /* Animator */ = {
			isa = PBXGroup;
			children = (
				2B58E72C1DADE04200393C3B /* TYAnimatorView.h */,
				2B58E72D1DADE04200393C3B /* TYAnimatorView.m */,
				2B3302511DAF33C3005FD95B /* TYGifAnimatorView.h */,
				2B3302521DAF33C3005FD95B /* TYGifAnimatorView.m */,
				2B3B597C1DBF0642006F2BF5 /* TYAutoAnimatorView.h */,
				2B3B597D1DBF0642006F2BF5 /* TYAutoAnimatorView.m */,
			);
			name = Animator;
			sourceTree = "<group>";
		};
/* End PBXGroup section */

/* Begin PBXNativeTarget section */
		2B73E36D1DA8DA8A00F05D68 /* TYRefreshDemo */ = {
			isa = PBXNativeTarget;
			buildConfigurationList = 2B73E3901DA8DA8A00F05D68 /* Build configuration list for PBXNativeTarget "TYRefreshDemo" */;
			buildPhases = (
				2B73E36A1DA8DA8A00F05D68 /* Sources */,
				2B73E36B1DA8DA8A00F05D68 /* Frameworks */,
				2B73E36C1DA8DA8A00F05D68 /* Resources */,
			);
			buildRules = (
			);
			dependencies = (
			);
			name = TYRefreshDemo;
			productName = TYRefreshDemo;
			productReference = 2B73E36E1DA8DA8A00F05D68 /* TYRefreshDemo.app */;
			productType = "com.apple.product-type.application";
		};
		2B73E3861DA8DA8A00F05D68 /* TYRefreshDemoTests */ = {
			isa = PBXNativeTarget;
			buildConfigurationList = 2B73E3931DA8DA8A00F05D68 /* Build configuration list for PBXNativeTarget "TYRefreshDemoTests" */;
			buildPhases = (
				2B73E3831DA8DA8A00F05D68 /* Sources */,
				2B73E3841DA8DA8A00F05D68 /* Frameworks */,
				2B73E3851DA8DA8A00F05D68 /* Resources */,
			);
			buildRules = (
			);
			dependencies = (
				2B73E3891DA8DA8A00F05D68 /* PBXTargetDependency */,
			);
			name = TYRefreshDemoTests;
			productName = TYRefreshDemoTests;
			productReference = 2B73E3871DA8DA8A00F05D68 /* TYRefreshDemoTests.xctest */;
			productType = "com.apple.product-type.bundle.unit-test";
		};
/* End PBXNativeTarget section */

/* Begin PBXProject section */
		2B73E3661DA8DA8A00F05D68 /* Project object */ = {
			isa = PBXProject;
			attributes = {
				LastUpgradeCheck = 0800;
				ORGANIZATIONNAME = tany;
				TargetAttributes = {
					2B73E36D1DA8DA8A00F05D68 = {
						CreatedOnToolsVersion = 8.0;
						DevelopmentTeam = ZW52Q3KXX4;
						ProvisioningStyle = Automatic;
					};
					2B73E3861DA8DA8A00F05D68 = {
						CreatedOnToolsVersion = 8.0;
						ProvisioningStyle = Automatic;
						TestTargetID = 2B73E36D1DA8DA8A00F05D68;
					};
				};
			};
			buildConfigurationList = 2B73E3691DA8DA8A00F05D68 /* Build configuration list for PBXProject "TYRefreshDemo" */;
			compatibilityVersion = "Xcode 3.2";
			developmentRegion = English;
			hasScannedForEncodings = 0;
			knownRegions = (
				en,
				Base,
			);
			mainGroup = 2B73E3651DA8DA8A00F05D68;
			productRefGroup = 2B73E36F1DA8DA8A00F05D68 /* Products */;
			projectDirPath = "";
			projectRoot = "";
			targets = (
				2B73E36D1DA8DA8A00F05D68 /* TYRefreshDemo */,
				2B73E3861DA8DA8A00F05D68 /* TYRefreshDemoTests */,
			);
		};
/* End PBXProject section */

/* Begin PBXResourcesBuildPhase section */
		2B73E36C1DA8DA8A00F05D68 /* Resources */ = {
			isa = PBXResourcesBuildPhase;
			buildActionMask = 2147483647;
			files = (
				2B3974291DB0C25900938B26 /* TYRefresh.bundle in Resources */,
				2B73E3811DA8DA8A00F05D68 /* LaunchScreen.storyboard in Resources */,
				2B73E37E1DA8DA8A00F05D68 /* Assets.xcassets in Resources */,
				2B73E37C1DA8DA8A00F05D68 /* Main.storyboard in Resources */,
			);
			runOnlyForDeploymentPostprocessing = 0;
		};
		2B73E3851DA8DA8A00F05D68 /* Resources */ = {
			isa = PBXResourcesBuildPhase;
			buildActionMask = 2147483647;
			files = (
			);
			runOnlyForDeploymentPostprocessing = 0;
		};
/* End PBXResourcesBuildPhase section */

/* Begin PBXSourcesBuildPhase section */
		2B73E36A1DA8DA8A00F05D68 /* Sources */ = {
			isa = PBXSourcesBuildPhase;
			buildActionMask = 2147483647;
			files = (
				2B58E72E1DADE04200393C3B /* TYAnimatorView.m in Sources */,
				2B3974321DB0C3F700938B26 /* TYHeaderRefresh.m in Sources */,
				2B73E3791DA8DA8A00F05D68 /* ViewController.m in Sources */,
				2BEF03181DAE3EE900D8A75D /* TestViewController.m in Sources */,
				2B379B051DAB71FE00F5E4EF /* TYRefreshView.m in Sources */,
				2B73E3761DA8DA8A00F05D68 /* AppDelegate.m in Sources */,
				2B3FA1D11DAB88410019EF83 /* UIScrollView+TYRefresh.m in Sources */,
				2B3B597E1DBF0642006F2BF5 /* TYAutoAnimatorView.m in Sources */,
				2B566D011DB62DC600DA1D1E /* TYFooterAutoRefresh.m in Sources */,
				2B73E3731DA8DA8A00F05D68 /* main.m in Sources */,
				2B3974351DB0C40B00938B26 /* TYFooterRefresh.m in Sources */,
				2B3302531DAF33C3005FD95B /* TYGifAnimatorView.m in Sources */,
			);
			runOnlyForDeploymentPostprocessing = 0;
		};
		2B73E3831DA8DA8A00F05D68 /* Sources */ = {
			isa = PBXSourcesBuildPhase;
			buildActionMask = 2147483647;
			files = (
				2B73E38C1DA8DA8A00F05D68 /* TYRefreshDemoTests.m in Sources */,
			);
			runOnlyForDeploymentPostprocessing = 0;
		};
/* End PBXSourcesBuildPhase section */

/* Begin PBXTargetDependency section */
		2B73E3891DA8DA8A00F05D68 /* PBXTargetDependency */ = {
			isa = PBXTargetDependency;
			target = 2B73E36D1DA8DA8A00F05D68 /* TYRefreshDemo */;
			targetProxy = 2B73E3881DA8DA8A00F05D68 /* PBXContainerItemProxy */;
		};
/* End PBXTargetDependency section */

/* Begin PBXVariantGroup section */
		2B73E37A1DA8DA8A00F05D68 /* Main.storyboard */ = {
			isa = PBXVariantGroup;
			children = (
				2B73E37B1DA8DA8A00F05D68 /* Base */,
			);
			name = Main.storyboard;
			sourceTree = "<group>";
		};
		2B73E37F1DA8DA8A00F05D68 /* LaunchScreen.storyboard */ = {
			isa = PBXVariantGroup;
			children = (
				2B73E3801DA8DA8A00F05D68 /* Base */,
			);
			name = LaunchScreen.storyboard;
			sourceTree = "<group>";
		};
/* End PBXVariantGroup section */

/* Begin XCBuildConfiguration section */
		2B73E38E1DA8DA8A00F05D68 /* Debug */ = {
			isa = XCBuildConfiguration;
			buildSettings = {
				ALWAYS_SEARCH_USER_PATHS = NO;
				CLANG_ANALYZER_NONNULL = YES;
				CLANG_CXX_LANGUAGE_STANDARD = "gnu++0x";
				CLANG_CXX_LIBRARY = "libc++";
				CLANG_ENABLE_MODULES = YES;
				CLANG_ENABLE_OBJC_ARC = YES;
				CLANG_WARN_BOOL_CONVERSION = YES;
				CLANG_WARN_CONSTANT_CONVERSION = YES;
				CLANG_WARN_DIRECT_OBJC_ISA_USAGE = YES_ERROR;
				CLANG_WARN_DOCUMENTATION_COMMENTS = YES;
				CLANG_WARN_EMPTY_BODY = YES;
				CLANG_WARN_ENUM_CONVERSION = YES;
				CLANG_WARN_INFINITE_RECURSION = YES;
				CLANG_WARN_INT_CONVERSION = YES;
				CLANG_WARN_OBJC_ROOT_CLASS = YES_ERROR;
				CLANG_WARN_SUSPICIOUS_MOVES = YES;
				CLANG_WARN_UNREACHABLE_CODE = YES;
				CLANG_WARN__DUPLICATE_METHOD_MATCH = YES;
				"CODE_SIGN_IDENTITY[sdk=iphoneos*]" = "iPhone Developer";
				COPY_PHASE_STRIP = NO;
				DEBUG_INFORMATION_FORMAT = dwarf;
				ENABLE_STRICT_OBJC_MSGSEND = YES;
				ENABLE_TESTABILITY = YES;
				GCC_C_LANGUAGE_STANDARD = gnu99;
				GCC_DYNAMIC_NO_PIC = NO;
				GCC_NO_COMMON_BLOCKS = YES;
				GCC_OPTIMIZATION_LEVEL = 0;
				GCC_PREPROCESSOR_DEFINITIONS = (
					"DEBUG=1",
					"$(inherited)",
				);
				GCC_WARN_64_TO_32_BIT_CONVERSION = YES;
				GCC_WARN_ABOUT_RETURN_TYPE = YES_ERROR;
				GCC_WARN_UNDECLARED_SELECTOR = YES;
				GCC_WARN_UNINITIALIZED_AUTOS = YES_AGGRESSIVE;
				GCC_WARN_UNUSED_FUNCTION = YES;
				GCC_WARN_UNUSED_VARIABLE = YES;
				IPHONEOS_DEPLOYMENT_TARGET = 7.0;
				MTL_ENABLE_DEBUG_INFO = YES;
				ONLY_ACTIVE_ARCH = YES;
				SDKROOT = iphoneos;
				TARGETED_DEVICE_FAMILY = "1,2";
			};
			name = Debug;
		};
		2B73E38F1DA8DA8A00F05D68 /* Release */ = {
			isa = XCBuildConfiguration;
			buildSettings = {
				ALWAYS_SEARCH_USER_PATHS = NO;
				CLANG_ANALYZER_NONNULL = YES;
				CLANG_CXX_LANGUAGE_STANDARD = "gnu++0x";
				CLANG_CXX_LIBRARY = "libc++";
				CLANG_ENABLE_MODULES = YES;
				CLANG_ENABLE_OBJC_ARC = YES;
				CLANG_WARN_BOOL_CONVERSION = YES;
				CLANG_WARN_CONSTANT_CONVERSION = YES;
				CLANG_WARN_DIRECT_OBJC_ISA_USAGE = YES_ERROR;
				CLANG_WARN_DOCUMENTATION_COMMENTS = YES;
				CLANG_WARN_EMPTY_BODY = YES;
				CLANG_WARN_ENUM_CONVERSION = YES;
				CLANG_WARN_INFINITE_RECURSION = YES;
				CLANG_WARN_INT_CONVERSION = YES;
				CLANG_WARN_OBJC_ROOT_CLASS = YES_ERROR;
				CLANG_WARN_SUSPICIOUS_MOVES = YES;
				CLANG_WARN_UNREACHABLE_CODE = YES;
				CLANG_WARN__DUPLICATE_METHOD_MATCH = YES;
				"CODE_SIGN_IDENTITY[sdk=iphoneos*]" = "iPhone Developer";
				COPY_PHASE_STRIP = NO;
				DEBUG_INFORMATION_FORMAT = "dwarf-with-dsym";
				ENABLE_NS_ASSERTIONS = NO;
				ENABLE_STRICT_OBJC_MSGSEND = YES;
				GCC_C_LANGUAGE_STANDARD = gnu99;
				GCC_NO_COMMON_BLOCKS = YES;
				GCC_WARN_64_TO_32_BIT_CONVERSION = YES;
				GCC_WARN_ABOUT_RETURN_TYPE = YES_ERROR;
				GCC_WARN_UNDECLARED_SELECTOR = YES;
				GCC_WARN_UNINITIALIZED_AUTOS = YES_AGGRESSIVE;
				GCC_WARN_UNUSED_FUNCTION = YES;
				GCC_WARN_UNUSED_VARIABLE = YES;
				IPHONEOS_DEPLOYMENT_TARGET = 7.0;
				MTL_ENABLE_DEBUG_INFO = NO;
				SDKROOT = iphoneos;
				TARGETED_DEVICE_FAMILY = "1,2";
				VALIDATE_PRODUCT = YES;
			};
			name = Release;
		};
		2B73E3911DA8DA8A00F05D68 /* Debug */ = {
			isa = XCBuildConfiguration;
			buildSettings = {
				ASSETCATALOG_COMPILER_APPICON_NAME = AppIcon;
				DEVELOPMENT_TEAM = ZW52Q3KXX4;
				INFOPLIST_FILE = TYRefreshDemo/Info.plist;
				IPHONEOS_DEPLOYMENT_TARGET = 7.0;
				LD_RUNPATH_SEARCH_PATHS = "$(inherited) @executable_path/Frameworks";
				PRODUCT_BUNDLE_IDENTIFIER = com.tany.TYRefreshDemo;
				PRODUCT_NAME = "$(TARGET_NAME)";
			};
			name = Debug;
		};
		2B73E3921DA8DA8A00F05D68 /* Release */ = {
			isa = XCBuildConfiguration;
			buildSettings = {
				ASSETCATALOG_COMPILER_APPICON_NAME = AppIcon;
				DEVELOPMENT_TEAM = ZW52Q3KXX4;
				INFOPLIST_FILE = TYRefreshDemo/Info.plist;
				IPHONEOS_DEPLOYMENT_TARGET = 7.0;
				LD_RUNPATH_SEARCH_PATHS = "$(inherited) @executable_path/Frameworks";
				PRODUCT_BUNDLE_IDENTIFIER = com.tany.TYRefreshDemo;
				PRODUCT_NAME = "$(TARGET_NAME)";
			};
			name = Release;
		};
		2B73E3941DA8DA8A00F05D68 /* Debug */ = {
			isa = XCBuildConfiguration;
			buildSettings = {
				BUNDLE_LOADER = "$(TEST_HOST)";
				INFOPLIST_FILE = TYRefreshDemoTests/Info.plist;
				LD_RUNPATH_SEARCH_PATHS = "$(inherited) @executable_path/Frameworks @loader_path/Frameworks";
				PRODUCT_BUNDLE_IDENTIFIER = com.tany.TYRefreshDemoTests;
				PRODUCT_NAME = "$(TARGET_NAME)";
				TEST_HOST = "$(BUILT_PRODUCTS_DIR)/TYRefreshDemo.app/TYRefreshDemo";
			};
			name = Debug;
		};
		2B73E3951DA8DA8A00F05D68 /* Release */ = {
			isa = XCBuildConfiguration;
			buildSettings = {
				BUNDLE_LOADER = "$(TEST_HOST)";
				INFOPLIST_FILE = TYRefreshDemoTests/Info.plist;
				LD_RUNPATH_SEARCH_PATHS = "$(inherited) @executable_path/Frameworks @loader_path/Frameworks";
				PRODUCT_BUNDLE_IDENTIFIER = com.tany.TYRefreshDemoTests;
				PRODUCT_NAME = "$(TARGET_NAME)";
				TEST_HOST = "$(BUILT_PRODUCTS_DIR)/TYRefreshDemo.app/TYRefreshDemo";
			};
			name = Release;
		};
/* End XCBuildConfiguration section */

/* Begin XCConfigurationList section */
		2B73E3691DA8DA8A00F05D68 /* Build configuration list for PBXProject "TYRefreshDemo" */ = {
			isa = XCConfigurationList;
			buildConfigurations = (
				2B73E38E1DA8DA8A00F05D68 /* Debug */,
				2B73E38F1DA8DA8A00F05D68 /* Release */,
			);
			defaultConfigurationIsVisible = 0;
			defaultConfigurationName = Release;
		};
		2B73E3901DA8DA8A00F05D68 /* Build configuration list for PBXNativeTarget "TYRefreshDemo" */ = {
			isa = XCConfigurationList;
			buildConfigurations = (
				2B73E3911DA8DA8A00F05D68 /* Debug */,
				2B73E3921DA8DA8A00F05D68 /* Release */,
			);
			defaultConfigurationIsVisible = 0;
			defaultConfigurationName = Release;
		};
		2B73E3931DA8DA8A00F05D68 /* Build configuration list for PBXNativeTarget "TYRefreshDemoTests" */ = {
			isa = XCConfigurationList;
			buildConfigurations = (
				2B73E3941DA8DA8A00F05D68 /* Debug */,
				2B73E3951DA8DA8A00F05D68 /* Release */,
			);
			defaultConfigurationIsVisible = 0;
			defaultConfigurationName = Release;
		};
/* End XCConfigurationList section */
	};
	rootObject = 2B73E3661DA8DA8A00F05D68 /* Project object */;
}
